
Microsoft Visual Studio Solution File, Format Version 12.00
# Visual Studio Version 17
VisualStudioVersion = 17.5.33414.496
MinimumVisualStudioVersion = 10.0.40219.1
Project("{8BC9CEB8-8B4A-11D0-8D11-00A0C91BC942}") = "20230501-11", "20230501-11\20230501-11.vcxproj", "{B52C955E-6D68-42A8-A0F6-38580D5DBA65}"
EndProject
Global
	GlobalSection(SolutionConfigurationPlatforms) = preSolution
		Debug|x64 = Debug|x64
		Debug|x86 = Debug|x86
		Release|x64 = Release|x64
		Release|x86 = Release|x86
	EndGlobalSection
	GlobalSection(ProjectConfigurationPlatforms) = postSolution
		{B52C955E-6D68-42A8-A0F6-38580D5DBA65}.Debug|x64.ActiveCfg = Debug|x64
		{B52C955E-6D68-42A8-A0F6-38580D5DBA65}.Debug|x64.Build.0 = Debug|x64
		{B52C955E-6D68-42A8-A0F6-38580D5DBA65}.Debug|x86.ActiveCfg = Debug|Win32
		{B52C955E-6D68-42A8-A0F6-38580D5DBA65}.Debug|x86.Build.0 = Debug|Win32
		{B52C955E-6D68-42A8-A0F6-38580D5DBA65}.Release|x64.ActiveCfg = Release|x64
		{B52C955E-6D68-42A8-A0F6-38580D5DBA65}.Release|x64.Build.0 = Release|x64
		{B52C955E-6D68-42A8-A0F6-38580D5DBA65}.Release|x86.ActiveCfg = Release|Win32
		{B52C955E-6D68-42A8-A0F6-38580D5DBA65}.Release|x86.Build.0 = Release|Win32
	EndGlobalSection
	GlobalSection(SolutionProperties) = preSolution
		HideSolutionNode = FALSE
	EndGlobalSection
	GlobalSection(ExtensibilityGlobals) = postSolution
		SolutionGuid = {8F84A46E-75FC-41DE-9B10-43BA7D375B13}
	EndGlobalSection
EndGlobal
